// !$*UTF8*$!
{
	archiveVersion = 1;
	classes = {
	};
	objectVersion = 56;
	objects = {

/* Begin PBXBuildFile section */
		701BB6B92B00AF3600EE7708 /* MyParticle2.sks in Resources */ = {isa = PBXBuildFile; fileRef = 701BB6B82B00AF3600EE7708 /* MyParticle2.sks */; };
		701BB6BB2B00B13E00EE7708 /* MyParticle3.sks in Resources */ = {isa = PBXBuildFile; fileRef = 701BB6BA2B00B13E00EE7708 /* MyParticle3.sks */; };
		701BB6BD2B0283E500EE7708 /* MyParticle4.sks in Resources */ = {isa = PBXBuildFile; fileRef = 701BB6BC2B0283E500EE7708 /* MyParticle4.sks */; };
		701BB6BF2B0287AB00EE7708 /* confetti.sks in Resources */ = {isa = PBXBuildFile; fileRef = 701BB6BE2B0287AB00EE7708 /* confetti.sks */; };
		70410C3C2AFE97DC00ABDC32 /* songSpriteApp.swift in Sources */ = {isa = PBXBuildFile; fileRef = 70410C3B2AFE97DC00ABDC32 /* songSpriteApp.swift */; };
		70410C3E2AFE97DC00ABDC32 /* ContentView.swift in Sources */ = {isa = PBXBuildFile; fileRef = 70410C3D2AFE97DC00ABDC32 /* ContentView.swift */; };
		70410C402AFE97DE00ABDC32 /* Assets.xcassets in Resources */ = {isa = PBXBuildFile; fileRef = 70410C3F2AFE97DE00ABDC32 /* Assets.xcassets */; };
		70410C432AFE97DE00ABDC32 /* Preview Assets.xcassets in Resources */ = {isa = PBXBuildFile; fileRef = 70410C422AFE97DE00ABDC32 /* Preview Assets.xcassets */; };
		70410C4A2AFE97F300ABDC32 /* GameScene.swift in Sources */ = {isa = PBXBuildFile; fileRef = 70410C492AFE97F300ABDC32 /* GameScene.swift */; };
		70410C662AFFD01300ABDC32 /* SuperShy.mp3 in Resources */ = {isa = PBXBuildFile; fileRef = 70410C652AFFD01300ABDC32 /* SuperShy.mp3 */; };
		70410C6A2AFFD85F00ABDC32 /* supershydrum.mp3 in Resources */ = {isa = PBXBuildFile; fileRef = 70410C692AFFD85F00ABDC32 /* supershydrum.mp3 */; };
		70410C6C2B00A7A300ABDC32 /* MyParticle.sks in Resources */ = {isa = PBXBuildFile; fileRef = 70410C6B2B00A7A300ABDC32 /* MyParticle.sks */; };
/* End PBXBuildFile section */

/* Begin PBXFileReference section */
		701BB6B82B00AF3600EE7708 /* MyParticle2.sks */ = {isa = PBXFileReference; lastKnownFileType = file.sks; path = MyParticle2.sks; sourceTree = "<group>"; };
		701BB6BA2B00B13E00EE7708 /* MyParticle3.sks */ = {isa = PBXFileReference; lastKnownFileType = file.sks; path = MyParticle3.sks; sourceTree = "<group>"; };
		701BB6BC2B0283E500EE7708 /* MyParticle4.sks */ = {isa = PBXFileReference; lastKnownFileType = file.sks; path = MyParticle4.sks; sourceTree = "<group>"; };
		701BB6BE2B0287AB00EE7708 /* confetti.sks */ = {isa = PBXFileReference; lastKnownFileType = file.sks; path = confetti.sks; sourceTree = "<group>"; };
		70410C382AFE97DC00ABDC32 /* songSprite.app */ = {isa = PBXFileReference; explicitFileType = wrapper.application; includeInIndex = 0; path = songSprite.app; sourceTree = BUILT_PRODUCTS_DIR; };
		70410C3B2AFE97DC00ABDC32 /* songSpriteApp.swift */ = {isa = PBXFileReference; lastKnownFileType = sourcecode.swift; path = songSpriteApp.swift; sourceTree = "<group>"; };
		70410C3D2AFE97DC00ABDC32 /* ContentView.swift */ = {isa = PBXFileReference; lastKnownFileType = sourcecode.swift; path = ContentView.swift; sourceTree = "<group>"; };
		70410C3F2AFE97DE00ABDC32 /* Assets.xcassets */ = {isa = PBXFileReference; lastKnownFileType = folder.assetcatalog; path = Assets.xcassets; sourceTree = "<group>"; };
		70410C422AFE97DE00ABDC32 /* Preview Assets.xcassets */ = {isa = PBXFileReference; lastKnownFileType = folder.assetcatalog; path = "Preview Assets.xcassets"; sourceTree = "<group>"; };
		70410C492AFE97F300ABDC32 /* GameScene.swift */ = {isa = PBXFileReference; lastKnownFileType = sourcecode.swift; path = GameScene.swift; sourceTree = "<group>"; };
		70410C652AFFD01300ABDC32 /* SuperShy.mp3 */ = {isa = PBXFileReference; lastKnownFileType = audio.mp3; path = SuperShy.mp3; sourceTree = "<group>"; };
		70410C692AFFD85F00ABDC32 /* supershydrum.mp3 */ = {isa = PBXFileReference; lastKnownFileType = audio.mp3; path = supershydrum.mp3; sourceTree = "<group>"; };
		70410C6B2B00A7A300ABDC32 /* MyParticle.sks */ = {isa = PBXFileReference; lastKnownFileType = file.sks; path = MyParticle.sks; sourceTree = "<group>"; };
/* End PBXFileReference section */

/* Begin PBXFrameworksBuildPhase section */
		70410C352AFE97DC00ABDC32 /* Frameworks */ = {
			isa = PBXFrameworksBuildPhase;
			buildActionMask = 2147483647;
			files = (
			);
			runOnlyForDeploymentPostprocessing = 0;
		};
/* End PBXFrameworksBuildPhase section */

/* Begin PBXGroup section */
		70410C2F2AFE97DC00ABDC32 = {
			isa = PBXGroup;
			children = (
				70410C3A2AFE97DC00ABDC32 /* songSprite */,
				70410C392AFE97DC00ABDC32 /* Products */,
			);
			sourceTree = "<group>";
		};
		70410C392AFE97DC00ABDC32 /* Products */ = {
			isa = PBXGroup;
			children = (
				70410C382AFE97DC00ABDC32 /* songSprite.app */,
			);
			name = Products;
			sourceTree = "<group>";
		};
		70410C3A2AFE97DC00ABDC32 /* songSprite */ = {
			isa = PBXGroup;
			children = (
				70410C3B2AFE97DC00ABDC32 /* songSpriteApp.swift */,
				70410C3D2AFE97DC00ABDC32 /* ContentView.swift */,
				70410C492AFE97F300ABDC32 /* GameScene.swift */,
				701BB6BC2B0283E500EE7708 /* MyParticle4.sks */,
				701BB6B82B00AF3600EE7708 /* MyParticle2.sks */,
				701BB6BA2B00B13E00EE7708 /* MyParticle3.sks */,
				701BB6BE2B0287AB00EE7708 /* confetti.sks */,
				70410C6B2B00A7A300ABDC32 /* MyParticle.sks */,
				70410C692AFFD85F00ABDC32 /* supershydrum.mp3 */,
				70410C652AFFD01300ABDC32 /* SuperShy.mp3 */,
				70410C3F2AFE97DE00ABDC32 /* Assets.xcassets */,
				70410C412AFE97DE00ABDC32 /* Preview Content */,
			);
			path = songSprite;
			sourceTree = "<group>";
		};
		70410C412AFE97DE00ABDC32 /* Preview Content */ = {
			isa = PBXGroup;
			children = (
				70410C422AFE97DE00ABDC32 /* Preview Assets.xcassets */,
			);
			path = "Preview Content";
			sourceTree = "<group>";
		};
/* End PBXGroup section */

/* Begin PBXNativeTarget section */
		70410C372AFE97DC00ABDC32 /* songSprite */ = {
			isa = PBXNativeTarget;
			buildConfigurationList = 70410C462AFE97DE00ABDC32 /* Build configuration list for PBXNativeTarget "songSprite" */;
			buildPhases = (
				70410C342AFE97DC00ABDC32 /* Sources */,
				70410C352AFE97DC00ABDC32 /* Frameworks */,
				70410C362AFE97DC00ABDC32 /* Resources */,
			);
			buildRules = (
			);
			dependencies = (
			);
			name = songSprite;
			productName = songSprite;
			productReference = 70410C382AFE97DC00ABDC32 /* songSprite.app */;
			productType = "com.apple.product-type.application";
		};
/* End PBXNativeTarget section */

/* Begin PBXProject section */
		70410C302AFE97DC00ABDC32 /* Project object */ = {
			isa = PBXProject;
			attributes = {
				BuildIndependentTargetsInParallel = 1;
				LastSwiftUpdateCheck = 1500;
				LastUpgradeCheck = 1500;
				TargetAttributes = {
					70410C372AFE97DC00ABDC32 = {
						CreatedOnToolsVersion = 15.0;
					};
				};
			};
			buildConfigurationList = 70410C332AFE97DC00ABDC32 /* Build configuration list for PBXProject "songSprite" */;
			compatibilityVersion = "Xcode 14.0";
			developmentRegion = en;
			hasScannedForEncodings = 0;
			knownRegions = (
				en,
				Base,
			);
			mainGroup = 70410C2F2AFE97DC00ABDC32;
			productRefGroup = 70410C392AFE97DC00ABDC32 /* Products */;
			projectDirPath = "";
			projectRoot = "";
			targets = (
				70410C372AFE97DC00ABDC32 /* songSprite */,
			);
		};
/* End PBXProject section */

/* Begin PBXResourcesBuildPhase section */
		70410C362AFE97DC00ABDC32 /* Resources */ = {
			isa = PBXResourcesBuildPhase;
			buildActionMask = 2147483647;
			files = (
				70410C432AFE97DE00ABDC32 /* Preview Assets.xcassets in Resources */,
				70410C6A2AFFD85F00ABDC32 /* supershydrum.mp3 in Resources */,
				701BB6BB2B00B13E00EE7708 /* MyParticle3.sks in Resources */,
				70410C662AFFD01300ABDC32 /* SuperShy.mp3 in Resources */,
				701BB6BD2B0283E500EE7708 /* MyParticle4.sks in Resources */,
				701BB6BF2B0287AB00EE7708 /* confetti.sks in Resources */,
				70410C402AFE97DE00ABDC32 /* Assets.xcassets in Resources */,
				701BB6B92B00AF3600EE7708 /* MyParticle2.sks in Resources */,
				70410C6C2B00A7A300ABDC32 /* MyParticle.sks in Resources */,
			);
			runOnlyForDeploymentPostprocessing = 0;
		};
/* End PBXResourcesBuildPhase section */

/* Begin PBXSourcesBuildPhase section */
		70410C342AFE97DC00ABDC32 /* Sources */ = {
			isa = PBXSourcesBuildPhase;
			buildActionMask = 2147483647;
			files = (
				70410C4A2AFE97F300ABDC32 /* GameScene.swift in Sources */,
				70410C3E2AFE97DC00ABDC32 /* ContentView.swift in Sources */,
				70410C3C2AFE97DC00ABDC32 /* songSpriteApp.swift in Sources */,
			);
			runOnlyForDeploymentPostprocessing = 0;
		};
/* End PBXSourcesBuildPhase section */

/* Begin XCBuildConfiguration section */
		70410C442AFE97DE00ABDC32 /* Debug */ = {
			isa = XCBuildConfiguration;
			buildSettings = {
				ALWAYS_SEARCH_USER_PATHS = NO;
				ASSETCATALOG_COMPILER_GENERATE_SWIFT_ASSET_SYMBOL_EXTENSIONS = YES;
				CLANG_ANALYZER_NONNULL = YES;
				CLANG_ANALYZER_NUMBER_OBJECT_CONVERSION = YES_AGGRESSIVE;
				CLANG_CXX_LANGUAGE_STANDARD = "gnu++20";
				CLANG_ENABLE_MODULES = YES;
				CLANG_ENABLE_OBJC_ARC = YES;
				CLANG_ENABLE_OBJC_WEAK = YES;
				CLANG_WARN_BLOCK_CAPTURE_AUTORELEASING = YES;
				CLANG_WARN_BOOL_CONVERSION = YES;
				CLANG_WARN_COMMA = YES;
				CLANG_WARN_CONSTANT_CONVERSION = YES;
				CLANG_WARN_DEPRECATED_OBJC_IMPLEMENTATIONS = YES;
				CLANG_WARN_DIRECT_OBJC_ISA_USAGE = YES_ERROR;
				CLANG_WARN_DOCUMENTATION_COMMENTS = YES;
				CLANG_WARN_EMPTY_BODY = YES;
				CLANG_WARN_ENUM_CONVERSION = YES;
				CLANG_WARN_INFINITE_RECURSION = YES;
				CLANG_WARN_INT_CONVERSION = YES;
				CLANG_WARN_NON_LITERAL_NULL_CONVERSION = YES;
				CLANG_WARN_OBJC_IMPLICIT_RETAIN_SELF = YES;
				CLANG_WARN_OBJC_LITERAL_CONVERSION = YES;
				CLANG_WARN_OBJC_ROOT_CLASS = YES_ERROR;
				CLANG_WARN_QUOTED_INCLUDE_IN_FRAMEWORK_HEADER = YES;
				CLANG_WARN_RANGE_LOOP_ANALYSIS = YES;
				CLANG_WARN_STRICT_PROTOTYPES = YES;
				CLANG_WARN_SUSPICIOUS_MOVE = YES;
				CLANG_WARN_UNGUARDED_AVAILABILITY = YES_AGGRESSIVE;
				CLANG_WARN_UNREACHABLE_CODE = YES;
				CLANG_WARN__DUPLICATE_METHOD_MATCH = YES;
				COPY_PHASE_STRIP = NO;
				DEBUG_INFORMATION_FORMAT = dwarf;
				ENABLE_STRICT_OBJC_MSGSEND = YES;
				ENABLE_TESTABILITY = YES;
				ENABLE_USER_SCRIPT_SANDBOXING = YES;
				GCC_C_LANGUAGE_STANDARD = gnu17;
				GCC_DYNAMIC_NO_PIC = NO;
				GCC_NO_COMMON_BLOCKS = YES;
				GCC_OPTIMIZATION_LEVEL = 0;
				GCC_PREPROCESSOR_DEFINITIONS = (
					"DEBUG=1",
					"$(inherited)",
				);
				GCC_WARN_64_TO_32_BIT_CONVERSION = YES;
				GCC_WARN_ABOUT_RETURN_TYPE = YES_ERROR;
				GCC_WARN_UNDECLARED_SELECTOR = YES;
				GCC_WARN_UNINITIALIZED_AUTOS = YES_AGGRESSIVE;
				GCC_WARN_UNUSED_FUNCTION = YES;
				GCC_WARN_UNUSED_VARIABLE = YES;
				IPHONEOS_DEPLOYMENT_TARGET = 17.0;
				LOCALIZATION_PREFERS_STRING_CATALOGS = YES;
				MTL_ENABLE_DEBUG_INFO = INCLUDE_SOURCE;
				MTL_FAST_MATH = YES;
				ONLY_ACTIVE_ARCH = YES;
				SDKROOT = iphoneos;
				SWIFT_ACTIVE_COMPILATION_CONDITIONS = "DEBUG $(inherited)";
				SWIFT_OPTIMIZATION_LEVEL = "-Onone";
			};
			name = Debug;
		};
		70410C452AFE97DE00ABDC32 /* Release */ = {
			isa = XCBuildConfiguration;
			buildSettings = {
				ALWAYS_SEARCH_USER_PATHS = NO;
				ASSETCATALOG_COMPILER_GENERATE_SWIFT_ASSET_SYMBOL_EXTENSIONS = YES;
				CLANG_ANALYZER_NONNULL = YES;
				CLANG_ANALYZER_NUMBER_OBJECT_CONVERSION = YES_AGGRESSIVE;
				CLANG_CXX_LANGUAGE_STANDARD = "gnu++20";
				CLANG_ENABLE_MODULES = YES;
				CLANG_ENABLE_OBJC_ARC = YES;
				CLANG_ENABLE_OBJC_WEAK = YES;
				CLANG_WARN_BLOCK_CAPTURE_AUTORELEASING = YES;
				CLANG_WARN_BOOL_CONVERSION = YES;
				CLANG_WARN_COMMA = YES;
				CLANG_WARN_CONSTANT_CONVERSION = YES;
				CLANG_WARN_DEPRECATED_OBJC_IMPLEMENTATIONS = YES;
				CLANG_WARN_DIRECT_OBJC_ISA_USAGE = YES_ERROR;
				CLANG_WARN_DOCUMENTATION_COMMENTS = YES;
				CLANG_WARN_EMPTY_BODY = YES;
				CLANG_WARN_ENUM_CONVERSION = YES;
				CLANG_WARN_INFINITE_RECURSION = YES;
				CLANG_WARN_INT_CONVERSION = YES;
				CLANG_WARN_NON_LITERAL_NULL_CONVERSION = YES;
				CLANG_WARN_OBJC_IMPLICIT_RETAIN_SELF = YES;
				CLANG_WARN_OBJC_LITERAL_CONVERSION = YES;
				CLANG_WARN_OBJC_ROOT_CLASS = YES_ERROR;
				CLANG_WARN_QUOTED_INCLUDE_IN_FRAMEWORK_HEADER = YES;
				CLANG_WARN_RANGE_LOOP_ANALYSIS = YES;
				CLANG_WARN_STRICT_PROTOTYPES = YES;
				CLANG_WARN_SUSPICIOUS_MOVE = YES;
				CLANG_WARN_UNGUARDED_AVAILABILITY = YES_AGGRESSIVE;
				CLANG_WARN_UNREACHABLE_CODE = YES;
				CLANG_WARN__DUPLICATE_METHOD_MATCH = YES;
				COPY_PHASE_STRIP = NO;
				DEBUG_INFORMATION_FORMAT = "dwarf-with-dsym";
				ENABLE_NS_ASSERTIONS = NO;
				ENABLE_STRICT_OBJC_MSGSEND = YES;
				ENABLE_USER_SCRIPT_SANDBOXING = YES;
				GCC_C_LANGUAGE_STANDARD = gnu17;
				GCC_NO_COMMON_BLOCKS = YES;
				GCC_WARN_64_TO_32_BIT_CONVERSION = YES;
				GCC_WARN_ABOUT_RETURN_TYPE = YES_ERROR;
				GCC_WARN_UNDECLARED_SELECTOR = YES;
				GCC_WARN_UNINITIALIZED_AUTOS = YES_AGGRESSIVE;
				GCC_WARN_UNUSED_FUNCTION = YES;
				GCC_WARN_UNUSED_VARIABLE = YES;
				IPHONEOS_DEPLOYMENT_TARGET = 17.0;
				LOCALIZATION_PREFERS_STRING_CATALOGS = YES;
				MTL_ENABLE_DEBUG_INFO = NO;
				MTL_FAST_MATH = YES;
				SDKROOT = iphoneos;
				SWIFT_COMPILATION_MODE = wholemodule;
				VALIDATE_PRODUCT = YES;
			};
			name = Release;
		};
		70410C472AFE97DE00ABDC32 /* Debug */ = {
			isa = XCBuildConfiguration;
			buildSettings = {
				ASSETCATALOG_COMPILER_APPICON_NAME = AppIcon;
				ASSETCATALOG_COMPILER_GLOBAL_ACCENT_COLOR_NAME = AccentColor;
				CODE_SIGN_STYLE = Automatic;
				CURRENT_PROJECT_VERSION = 1;
				DEVELOPMENT_ASSET_PATHS = "\"songSprite/Preview Content\"";
				DEVELOPMENT_TEAM = 22JP9U997Z;
				ENABLE_PREVIEWS = YES;
				GENERATE_INFOPLIST_FILE = YES;
				INFOPLIST_KEY_UIApplicationSceneManifest_Generation = YES;
				INFOPLIST_KEY_UIApplicationSupportsIndirectInputEvents = YES;
				INFOPLIST_KEY_UILaunchScreen_Generation = YES;
				INFOPLIST_KEY_UISupportedInterfaceOrientations_iPad = "UIInterfaceOrientationPortrait UIInterfaceOrientationPortraitUpsideDown UIInterfaceOrientationLandscapeLeft UIInterfaceOrientationLandscapeRight";
				INFOPLIST_KEY_UISupportedInterfaceOrientations_iPhone = "UIInterfaceOrientationPortrait UIInterfaceOrientationLandscapeLeft UIInterfaceOrientationLandscapeRight";
				LD_RUNPATH_SEARCH_PATHS = (
					"$(inherited)",
					"@executable_path/Frameworks",
				);
				MARKETING_VERSION = 1.0;
				PRODUCT_BUNDLE_IDENTIFIER = han.songSprite;
				PRODUCT_NAME = "$(TARGET_NAME)";
				SWIFT_EMIT_LOC_STRINGS = YES;
				SWIFT_VERSION = 5.0;
				TARGETED_DEVICE_FAMILY = "1,2";
			};
			name = Debug;
		};
		70410C482AFE97DE00ABDC32 /* Release */ = {
			isa = XCBuildConfiguration;
			buildSettings = {
				ASSETCATALOG_COMPILER_APPICON_NAME = AppIcon;
				ASSETCATALOG_COMPILER_GLOBAL_ACCENT_COLOR_NAME = AccentColor;
				CODE_SIGN_STYLE = Automatic;
				CURRENT_PROJECT_VERSION = 1;
				DEVELOPMENT_ASSET_PATHS = "\"songSprite/Preview Content\"";
				DEVELOPMENT_TEAM = 22JP9U997Z;
				ENABLE_PREVIEWS = YES;
				GENERATE_INFOPLIST_FILE = YES;
				INFOPLIST_KEY_UIApplicationSceneManifest_Generation = YES;
				INFOPLIST_KEY_UIApplicationSupportsIndirectInputEvents = YES;
				INFOPLIST_KEY_UILaunchScreen_Generation = YES;
				INFOPLIST_KEY_UISupportedInterfaceOrientations_iPad = "UIInterfaceOrientationPortrait UIInterfaceOrientationPortraitUpsideDown UIInterfaceOrientationLandscapeLeft UIInterfaceOrientationLandscapeRight";
				INFOPLIST_KEY_UISupportedInterfaceOrientations_iPhone = "UIInterfaceOrientationPortrait UIInterfaceOrientationLandscapeLeft UIInterfaceOrientationLandscapeRight";
				LD_RUNPATH_SEARCH_PATHS = (
					"$(inherited)",
					"@executable_path/Frameworks",
				);
				MARKETING_VERSION = 1.0;
				PRODUCT_BUNDLE_IDENTIFIER = han.songSprite;
				PRODUCT_NAME = "$(TARGET_NAME)";
				SWIFT_EMIT_LOC_STRINGS = YES;
				SWIFT_VERSION = 5.0;
				TARGETED_DEVICE_FAMILY = "1,2";
			};
			name = Release;
		};
/* End XCBuildConfiguration section */

/* Begin XCConfigurationList section */
		70410C332AFE97DC00ABDC32 /* Build configuration list for PBXProject "songSprite" */ = {
			isa = XCConfigurationList;
			buildConfigurations = (
				70410C442AFE97DE00ABDC32 /* Debug */,
				70410C452AFE97DE00ABDC32 /* Release */,
			);
			defaultConfigurationIsVisible = 0;
			defaultConfigurationName = Release;
		};
		70410C462AFE97DE00ABDC32 /* Build configuration list for PBXNativeTarget "songSprite" */ = {
			isa = XCConfigurationList;
			buildConfigurations = (
				70410C472AFE97DE00ABDC32 /* Debug */,
				70410C482AFE97DE00ABDC32 /* Release */,
			);
			defaultConfigurationIsVisible = 0;
			defaultConfigurationName = Release;
		};
/* End XCConfigurationList section */
	};
	rootObject = 70410C302AFE97DC00ABDC32 /* Project object */;
}
